<?xml version="1.0" encoding="utf-8"?>
<Project ToolsVersion="4.0" xmlns="http://schemas.microsoft.com/developer/msbuild/2003">
  <ItemGroup>
    <Filter Include="Source Files">
      <UniqueIdentifier>{4FC737F1-C7A5-4376-A066-2A32D752A2FF}</UniqueIdentifier>
      <Extensions>cpp;c;cc;cxx;c++;cppm;ixx;def;odl;idl;hpj;bat;asm;asmx</Extensions>
    </Filter>
    <Filter Include="Header Files">
      <UniqueIdentifier>{93995380-89BD-4b04-88EB-625FBE52EBFB}</UniqueIdentifier>
      <Extensions>h;hh;hpp;hxx;h++;hm;inl;inc;ipp;xsd</Extensions>
    </Filter>
    <Filter Include="Resource Files">
      <UniqueIdentifier>{67DA6AB6-F800-4c08-8B7A-83BB121AAD01}</UniqueIdentifier>
      <Extensions>rc;ico;cur;bmp;dlg;rc2;rct;bin;rgs;gif;jpg;jpeg;jpe;resx;tiff;tif;png;wav;mfcribbon-ms</Extensions>
    </Filter>
    <Filter Include="Source Files\Treaments">
      <UniqueIdentifier>{91a6a998-9622-41cb-b4df-70265b5816f3}</UniqueIdentifier>
    </Filter>
    <Filter Include="Source Files\Resources">
      <UniqueIdentifier>{0867dd66-2824-4013-aeab-6b9d4272c359}</UniqueIdentifier>
    </Filter>
    <Filter Include="Source Files\Waiting Lists">
      <UniqueIdentifier>{1e647a3a-8b8f-4f41-a31a-74a1c4961b8a}</UniqueIdentifier>
    </Filter>
    <Filter Include="Header Files\DS">
      <UniqueIdentifier>{bf525fa7-b084-4f85-980a-2f35824ee48f}</UniqueIdentifier>
    </Filter>
    <Filter Include="Header Files\Treaments">
      <UniqueIdentifier>{d22f5a97-98fa-4bc2-987a-5e6e03f0bf39}</UniqueIdentifier>
    </Filter>
    <Filter Include="Header Files\Resource">
      <UniqueIdentifier>{76d8bd19-2b80-4211-9799-81a8e86a3ed7}</UniqueIdentifier>
    </Filter>
    <Filter Include="Header Files\Waiting Lists">
      <UniqueIdentifier>{cf1bb1dd-ab63-48af-b918-2341fc408e4e}</UniqueIdentifier>
    </Filter>
  </ItemGroup>
  <ItemGroup>
    <ClCompile Include="Physiotherapy Center.cpp">
      <Filter>Source Files</Filter>
    </ClCompile>
    <ClCompile Include="Center.cpp">
      <Filter>Source Files</Filter>
    </ClCompile>
    <ClCompile Include="Patient.cpp">
      <Filter>Source Files</Filter>
    </ClCompile>
    <ClCompile Include="E_therapy.cpp">
      <Filter>Source Files\Treaments</Filter>
    </ClCompile>
    <ClCompile Include="U_therapy.cpp">
      <Filter>Source Files\Treaments</Filter>
    </ClCompile>
    <ClCompile Include="X_therapy.cpp">
      <Filter>Source Files\Treaments</Filter>
    </ClCompile>
    <ClCompile Include="Treatment.cpp">
      <Filter>Source Files\Treaments</Filter>
    </ClCompile>
    <ClCompile Include="Resource.cpp">
      <Filter>Source Files\Resources</Filter>
    </ClCompile>
    <ClCompile Include="U_device.cpp">
      <Filter>Source Files\Resources</Filter>
    </ClCompile>
    <ClCompile Include="X_room.cpp">
      <Filter>Source Files\Resources</Filter>
    </ClCompile>
    <ClCompile Include="E_device.cpp">
      <Filter>Source Files\Resources</Filter>
    </ClCompile>
    <ClCompile Include="EU_WaitList.cpp">
      <Filter>Source Files\Waiting Lists</Filter>
    </ClCompile>
    <ClCompile Include="X_WaitList.cpp">
      <Filter>Source Files\Waiting Lists</Filter>
    </ClCompile>
  </ItemGroup>
  <ItemGroup>
    <ClInclude Include="Center.h">
      <Filter>Header Files</Filter>
    </ClInclude>
    <ClInclude Include="Patient.h">
      <Filter>Header Files</Filter>
    </ClInclude>
    <ClInclude Include="ArrayStack.h">
      <Filter>Header Files\DS</Filter>
    </ClInclude>
    <ClInclude Include="LinkedList.h">
      <Filter>Header Files\DS</Filter>
    </ClInclude>
    <ClInclude Include="LinkedQueue.h">
      <Filter>Header Files\DS</Filter>
    </ClInclude>
    <ClInclude Include="Node.h">
      <Filter>Header Files\DS</Filter>
    </ClInclude>
    <ClInclude Include="priNode.h">
      <Filter>Header Files\DS</Filter>
    </ClInclude>
    <ClInclude Include="priQueue.h">
      <Filter>Header Files\DS</Filter>
    </ClInclude>
    <ClInclude Include="QueueADT.h">
      <Filter>Header Files\DS</Filter>
    </ClInclude>
    <ClInclude Include="StackADT.h">
      <Filter>Header Files\DS</Filter>
    </ClInclude>
    <ClInclude Include="E_device.h">
      <Filter>Header Files\Resource</Filter>
    </ClInclude>
    <ClInclude Include="U_device.h">
      <Filter>Header Files\Resource</Filter>
    </ClInclude>
    <ClInclude Include="X_room.h">
      <Filter>Header Files\Resource</Filter>
    </ClInclude>
    <ClInclude Include="Resource.h">
      <Filter>Header Files\Treaments</Filter>
    </ClInclude>
    <ClInclude Include="E_therapy.h">
      <Filter>Header Files\Treaments</Filter>
    </ClInclude>
    <ClInclude Include="Treatment.h">
      <Filter>Header Files\Treaments</Filter>
    </ClInclude>
    <ClInclude Include="U_therapy.h">
      <Filter>Header Files\Treaments</Filter>
    </ClInclude>
    <ClInclude Include="X_therapy.h">
      <Filter>Header Files\Treaments</Filter>
    </ClInclude>
    <ClInclude Include="EU_WaitList.h">
      <Filter>Header Files\Waiting Lists</Filter>
    </ClInclude>
    <ClInclude Include="X_WaitList.h">
      <Filter>Header Files\Waiting Lists</Filter>
    </ClInclude>
  </ItemGroup>
</Project>